
Microsoft Visual Studio Solution File, Format Version 12.00
# Visual Studio Version 17
VisualStudioVersion = 17.9.34701.34
MinimumVisualStudioVersion = 10.0.40219.1
Project("{FAE04EC0-301F-11D3-BF4B-00C04F79EFBC}") = "overloading", "overloading\overloading.csproj", "{D5FF8A88-C224-43BA-9025-E269C942C2CC}"
EndProject
Global
	GlobalSection(SolutionConfigurationPlatforms) = preSolution
		Debug|Any CPU = Debug|Any CPU
		Release|Any CPU = Release|Any CPU
	EndGlobalSection
	GlobalSection(ProjectConfigurationPlatforms) = postSolution
		{D5FF8A88-C224-43BA-9025-E269C942C2CC}.Debug|Any CPU.ActiveCfg = Debug|Any CPU
		{D5FF8A88-C224-43BA-9025-E269C942C2CC}.Debug|Any CPU.Build.0 = Debug|Any CPU
		{D5FF8A88-C224-43BA-9025-E269C942C2CC}.Release|Any CPU.ActiveCfg = Release|Any CPU
		{D5FF8A88-C224-43BA-9025-E269C942C2CC}.Release|Any CPU.Build.0 = Release|Any CPU
	EndGlobalSection
	GlobalSection(SolutionProperties) = preSolution
		HideSolutionNode = FALSE
	EndGlobalSection
	GlobalSection(ExtensibilityGlobals) = postSolution
		SolutionGuid = {5DA8C0F0-F239-48A5-8A73-6DE0E0368BF0}
	EndGlobalSection
EndGlobal
